
Microsoft Visual Studio Solution File, Format Version 12.00
# Visual Studio 15
VisualStudioVersion = 15.0.27428.2027
MinimumVisualStudioVersion = 10.0.40219.1
Project("{8BC9CEB8-8B4A-11D0-8D11-00A0C91BC942}") = "accelerated c++ chap 12", "accelerated c++ chap 12\accelerated c++ chap 12.vcxproj", "{A7D0B618-53D3-47D1-AE2F-2C632B4516AA}"
EndProject
Global
	GlobalSection(SolutionConfigurationPlatforms) = preSolution
		Debug|x64 = Debug|x64
		Debug|x86 = Debug|x86
		Release|x64 = Release|x64
		Release|x86 = Release|x86
	EndGlobalSection
	GlobalSection(ProjectConfigurationPlatforms) = postSolution
		{A7D0B618-53D3-47D1-AE2F-2C632B4516AA}.Debug|x64.ActiveCfg = Debug|x64
		{A7D0B618-53D3-47D1-AE2F-2C632B4516AA}.Debug|x64.Build.0 = Debug|x64
		{A7D0B618-53D3-47D1-AE2F-2C632B4516AA}.Debug|x86.ActiveCfg = Debug|Win32
		{A7D0B618-53D3-47D1-AE2F-2C632B4516AA}.Debug|x86.Build.0 = Debug|Win32
		{A7D0B618-53D3-47D1-AE2F-2C632B4516AA}.Release|x64.ActiveCfg = Release|x64
		{A7D0B618-53D3-47D1-AE2F-2C632B4516AA}.Release|x64.Build.0 = Release|x64
		{A7D0B618-53D3-47D1-AE2F-2C632B4516AA}.Release|x86.ActiveCfg = Release|Win32
		{A7D0B618-53D3-47D1-AE2F-2C632B4516AA}.Release|x86.Build.0 = Release|Win32
	EndGlobalSection
	GlobalSection(SolutionProperties) = preSolution
		HideSolutionNode = FALSE
	EndGlobalSection
	GlobalSection(ExtensibilityGlobals) = postSolution
		SolutionGuid = {EFAA5258-018F-4782-AC5D-2F873BB05101}
	EndGlobalSection
EndGlobal
