
Microsoft Visual Studio Solution File, Format Version 12.00
# Visual Studio 15
VisualStudioVersion = 15.0.27428.2027
MinimumVisualStudioVersion = 10.0.40219.1
Project("{8BC9CEB8-8B4A-11D0-8D11-00A0C91BC942}") = "ConsoleApplication2", "ConsoleApplication2\ConsoleApplication2.vcxproj", "{3755BC78-C845-4496-8B80-3A6BA9E22A0C}"
EndProject
Global
	GlobalSection(SolutionConfigurationPlatforms) = preSolution
		Debug|x64 = Debug|x64
		Debug|x86 = Debug|x86
		Release|x64 = Release|x64
		Release|x86 = Release|x86
	EndGlobalSection
	GlobalSection(ProjectConfigurationPlatforms) = postSolution
		{3755BC78-C845-4496-8B80-3A6BA9E22A0C}.Debug|x64.ActiveCfg = Debug|x64
		{3755BC78-C845-4496-8B80-3A6BA9E22A0C}.Debug|x64.Build.0 = Debug|x64
		{3755BC78-C845-4496-8B80-3A6BA9E22A0C}.Debug|x86.ActiveCfg = Debug|Win32
		{3755BC78-C845-4496-8B80-3A6BA9E22A0C}.Debug|x86.Build.0 = Debug|Win32
		{3755BC78-C845-4496-8B80-3A6BA9E22A0C}.Release|x64.ActiveCfg = Release|x64
		{3755BC78-C845-4496-8B80-3A6BA9E22A0C}.Release|x64.Build.0 = Release|x64
		{3755BC78-C845-4496-8B80-3A6BA9E22A0C}.Release|x86.ActiveCfg = Release|Win32
		{3755BC78-C845-4496-8B80-3A6BA9E22A0C}.Release|x86.Build.0 = Release|Win32
	EndGlobalSection
	GlobalSection(SolutionProperties) = preSolution
		HideSolutionNode = FALSE
	EndGlobalSection
	GlobalSection(ExtensibilityGlobals) = postSolution
		SolutionGuid = {67B104C4-78FD-463F-9ECC-6C689B0B2FAE}
	EndGlobalSection
EndGlobal
