
Microsoft Visual Studio Solution File, Format Version 12.00
# Visual Studio 15
VisualStudioVersion = 15.0.27428.2027
MinimumVisualStudioVersion = 10.0.40219.1
Project("{8BC9CEB8-8B4A-11D0-8D11-00A0C91BC942}") = "acceleratedc++ chap14 q4", "acceleratedc++ chap14 q4\acceleratedc++ chap14 q4.vcxproj", "{A0F360CF-5981-4607-BD8F-3DDA1006DB0E}"
EndProject
Global
	GlobalSection(SolutionConfigurationPlatforms) = preSolution
		Debug|x64 = Debug|x64
		Debug|x86 = Debug|x86
		Release|x64 = Release|x64
		Release|x86 = Release|x86
	EndGlobalSection
	GlobalSection(ProjectConfigurationPlatforms) = postSolution
		{A0F360CF-5981-4607-BD8F-3DDA1006DB0E}.Debug|x64.ActiveCfg = Debug|x64
		{A0F360CF-5981-4607-BD8F-3DDA1006DB0E}.Debug|x64.Build.0 = Debug|x64
		{A0F360CF-5981-4607-BD8F-3DDA1006DB0E}.Debug|x86.ActiveCfg = Debug|Win32
		{A0F360CF-5981-4607-BD8F-3DDA1006DB0E}.Debug|x86.Build.0 = Debug|Win32
		{A0F360CF-5981-4607-BD8F-3DDA1006DB0E}.Release|x64.ActiveCfg = Release|x64
		{A0F360CF-5981-4607-BD8F-3DDA1006DB0E}.Release|x64.Build.0 = Release|x64
		{A0F360CF-5981-4607-BD8F-3DDA1006DB0E}.Release|x86.ActiveCfg = Release|Win32
		{A0F360CF-5981-4607-BD8F-3DDA1006DB0E}.Release|x86.Build.0 = Release|Win32
	EndGlobalSection
	GlobalSection(SolutionProperties) = preSolution
		HideSolutionNode = FALSE
	EndGlobalSection
	GlobalSection(ExtensibilityGlobals) = postSolution
		SolutionGuid = {CDD9A8F4-4A5C-42DF-9D6C-7B77E1ECE600}
	EndGlobalSection
EndGlobal
