
Microsoft Visual Studio Solution File, Format Version 12.00
# Visual Studio 15
VisualStudioVersion = 15.0.27428.2027
MinimumVisualStudioVersion = 10.0.40219.1
Project("{8BC9CEB8-8B4A-11D0-8D11-00A0C91BC942}") = "acceleratedc++ chap 10 q4", "acceleratedc++ chap 10 q4\acceleratedc++ chap 10 q4.vcxproj", "{788A49CE-E8E1-4DC6-8188-3A53B4A540AC}"
EndProject
Global
	GlobalSection(SolutionConfigurationPlatforms) = preSolution
		Debug|x64 = Debug|x64
		Debug|x86 = Debug|x86
		Release|x64 = Release|x64
		Release|x86 = Release|x86
	EndGlobalSection
	GlobalSection(ProjectConfigurationPlatforms) = postSolution
		{788A49CE-E8E1-4DC6-8188-3A53B4A540AC}.Debug|x64.ActiveCfg = Debug|x64
		{788A49CE-E8E1-4DC6-8188-3A53B4A540AC}.Debug|x64.Build.0 = Debug|x64
		{788A49CE-E8E1-4DC6-8188-3A53B4A540AC}.Debug|x86.ActiveCfg = Debug|Win32
		{788A49CE-E8E1-4DC6-8188-3A53B4A540AC}.Debug|x86.Build.0 = Debug|Win32
		{788A49CE-E8E1-4DC6-8188-3A53B4A540AC}.Release|x64.ActiveCfg = Release|x64
		{788A49CE-E8E1-4DC6-8188-3A53B4A540AC}.Release|x64.Build.0 = Release|x64
		{788A49CE-E8E1-4DC6-8188-3A53B4A540AC}.Release|x86.ActiveCfg = Release|Win32
		{788A49CE-E8E1-4DC6-8188-3A53B4A540AC}.Release|x86.Build.0 = Release|Win32
	EndGlobalSection
	GlobalSection(SolutionProperties) = preSolution
		HideSolutionNode = FALSE
	EndGlobalSection
	GlobalSection(ExtensibilityGlobals) = postSolution
		SolutionGuid = {F86B8A3C-59BA-4B1F-B8BB-49E71B8C1907}
	EndGlobalSection
EndGlobal
